
Microsoft Visual Studio Solution File, Format Version 12.00
# Visual Studio 15
VisualStudioVersion = 15.0.28307.960
MinimumVisualStudioVersion = 10.0.40219.1
Project("{9A19103F-16F7-4668-BE54-9A1E7A4F7556}") = "WebDatingApp.API", "WebDatingApp.API.csproj", "{9C3AB42E-43DF-4651-87C0-F9836E435BB1}"
EndProject
Global
	GlobalSection(SolutionConfigurationPlatforms) = preSolution
		Debug|Any CPU = Debug|Any CPU
		Release|Any CPU = Release|Any CPU
	EndGlobalSection
	GlobalSection(ProjectConfigurationPlatforms) = postSolution
		{9C3AB42E-43DF-4651-87C0-F9836E435BB1}.Debug|Any CPU.ActiveCfg = Debug|Any CPU
		{9C3AB42E-43DF-4651-87C0-F9836E435BB1}.Debug|Any CPU.Build.0 = Debug|Any CPU
		{9C3AB42E-43DF-4651-87C0-F9836E435BB1}.Release|Any CPU.ActiveCfg = Release|Any CPU
		{9C3AB42E-43DF-4651-87C0-F9836E435BB1}.Release|Any CPU.Build.0 = Release|Any CPU
	EndGlobalSection
	GlobalSection(SolutionProperties) = preSolution
		HideSolutionNode = FALSE
	EndGlobalSection
	GlobalSection(ExtensibilityGlobals) = postSolution
		SolutionGuid = {7470F784-0442-4F30-B0E5-3F7B85BAB3D3}
	EndGlobalSection
EndGlobal
